[[package]]
category = "dev"
description = "The Cython compiler for writing C extensions for the Python language."
name = "cython"
optional = false
python-versions = ">=2.6, !=3.0.*, !=3.1.*, !=3.2.*"
version = "0.29.3"

[metadata]
content-hash = "3cc67e3f62bd26340b08905c0d3ccaa1508240f71f835d9d228cdec0439d809b"
python-versions = "^3.6"

[metadata.hashes]
cython = ["1327655db47beb665961d3dc0365e20c9e8e80c234513ab2c7d06ec0dd9d63eb", "142400f13102403f43576bb92d808a668e29deda5625388cfa39fe0bcf37b3d1", "1b4204715141281a631337378f0c15fe660b35e1b6888ca05f1f3f49df3b97d5", "23aabaaf8887e6db99df2145de6742f8c92830134735778bf2ae26338f2b406f", "2a724c6f21fdf4e3c1e8c5c862ff87f5420fdaecf53a5a0417915e483d90217f", "2c9c8c1c6e8bd3587e5f5db6f865a42195ff2dedcaf5cdb63fdea10c98bd6246", "3a1be38b774423605189d60652b3d8a324fc81d213f96569720c8093784245ab", "46be5297a76513e4d5d6e746737d4866a762cfe457e57d7c54baa7ef8fea7e9a", "48dc2ea4c4d3f34ddcad5bc71b1f1cf49830f868832d3e5df803c811e7395b6e", "53f33e04d2ed078ac02841741bcd536b546e1f416608084468ab30a87638a466", "57b10588618ca19a4cc870f381aa8805bc5fe0c62d19d7f940232ff8a373887c", "6001038341b52301450bb9c62e5d5da825788944572679277e137ffb3596e718", "70bef52e735607060f327d729be35c820d9018d260a875e4f98b20ba8c4fff96", "7d0f76b251699be8f1f1064dcb12d4b3b2b676ce15ff30c104e0c2091a015142", "9440b64c1569c26a184b7c778bb221cf9987c5c8486d32cda02302c66ea78980", "956cc97eac6f9d3b16e3b2d2a94c5586af3403ba97945e9d88a4a0f029899646", "ae430ad8cce937e07ea566d1d7899eef1fedc8ec512b4d5fa37ebf2c1f879936", "bdb575149881978d62167dd8427402a5872a79bd83e9d51219680670e9f80b40", "c0ffcddd3dbdf22aae3980931112cc8b2732315a6273988f3205cf5dacf36f45", "c133e2efc57426974366ac74f2ef0f1171b860301ac27f72316deacff4ccdc17", "c6e9521d0b77eb1da89e8264eb98c8f5cda7c49a49b8128acfd35f0ca50e56d0", "c7cac0220ecb733024e8acfcfb6b593a007185690f2ea470d2392b72510b7187", "d53483820ac28f2be2ff13eedd56c0f36a4c583727b551d3d468023556e2336a", "d60210784186d61e0ec808d5dbee5d661c7457a57f93cb5fdc456394607ce98c", "d687fb1cd9df28c1515666174c62e54bd894a6a6d0862f89705063cd47739f83", "d926764d9c768a48b0a16a91696aaa25498057e060934f968fa4c5629b942d85", "d94a2f4ad74732f58d1c771fc5d90a62c4fe4c98d0adfecbc76cd0d8d14bf044", "def76a546eeec059666f5f4117dfdf9c78e50fa1f95bdd23b04618c7adf845cd"]
